{
  "lockfile_version": "1",
  "packages": {
    "fzf@latest": {
      "last_modified": "2026-02-23T15:40:43Z",
      "resolved": "github:NixOS/nixpkgs/80d901ec0377e19ac3f7bb8c035201e2e098cc97#fzf",
      "source": "devbox-search",
      "version": "0.68.0",
      "systems": {
        "aarch64-darwin": {
          "outputs": [
            {
              "name": "out",
              "path": "/nix/store/ix012m97gwf4z276s1sl74pwxarzqaxa-fzf-0.68.0",
              "default": true
            },
            {
              "name": "man",
              "path": "/nix/store/c4p1g7ayqs9mdgqd8drwqj058i6p85gh-fzf-0.68.0-man",
              "default": true
            }
          ],
          "store_path": "/nix/store/ix012m97gwf4z276s1sl74pwxarzqaxa-fzf-0.68.0"
        },
        "aarch64-linux": {
          "outputs": [
            {
              "name": "out",
              "path": "/nix/store/s1zjb9ls5rjzyfkbfpqi4v19l50flss3-fzf-0.68.0",
              "default": true
            },
            {
              "name": "man",
              "path": "/nix/store/y9bvr7zspgp281hgp7bdgvq3ziz95rvc-fzf-0.68.0-man",
              "default": true
            }
          ],
          "store_path": "/nix/store/s1zjb9ls5rjzyfkbfpqi4v19l50flss3-fzf-0.68.0"
        },
        "x86_64-darwin": {
          "outputs": [
            {
              "name": "out",
              "path": "/nix/store/y9km4kh05dc12mxpd7iffmzwmlh084r5-fzf-0.68.0",
              "default": true
            },
            {
              "name": "man",
              "path": "/nix/store/vsprchm7z22k7amvg2mlm2niz8c4xhv9-fzf-0.68.0-man",
              "default": true
            }
          ],
          "store_path": "/nix/store/y9km4kh05dc12mxpd7iffmzwmlh084r5-fzf-0.68.0"
        },
        "x86_64-linux": {
          "outputs": [
            {
              "name": "out",
              "path": "/nix/store/8jrz43k4f0fx07rffm4mc5wa90xhdcs0-fzf-0.68.0",
              "default": true
            },
            {
              "name": "man",
              "path": "/nix/store/99biymqn0pcg6b2hqc2nf7czr26rdv1d-fzf-0.68.0-man",
              "default": true
            }
          ],
          "store_path": "/nix/store/8jrz43k4f0fx07rffm4mc5wa90xhdcs0-fzf-0.68.0"
        }
      }
    },
    "github:NixOS/nixpkgs/nixpkgs-unstable": {
      "last_modified": "2026-03-05T01:30:23Z",
      "resolved": "github:NixOS/nixpkgs/66d9241e3dc2296726dc522e62dbfe89c7b449f3?lastModified=1772674223"
    },
    "go@latest": {
      "last_modified": "2026-02-23T15:40:43Z",
      "resolved": "github:NixOS/nixpkgs/80d901ec0377e19ac3f7bb8c035201e2e098cc97#go_1_26",
      "source": "devbox-search",
      "version": "1.26.0",
      "systems": {
        "aarch64-darwin": {
          "outputs": [
            {
              "name": "out",
              "path": "/nix/store/5ajixjk279m40yf6x96xxlnvw1wg6hq3-go-1.26.0",
              "default": true
            }
          ],
          "store_path": "/nix/store/5ajixjk279m40yf6x96xxlnvw1wg6hq3-go-1.26.0"
        },
        "aarch64-linux": {
          "outputs": [
            {
              "name": "out",
              "path": "/nix/store/b0ncnyjis5pfzm86pb0y3klgdw2gwyww-go-1.26.0",
              "default": true
            }
          ],
          "store_path": "/nix/store/b0ncnyjis5pfzm86pb0y3klgdw2gwyww-go-1.26.0"
        },
        "x86_64-darwin": {
          "outputs": [
            {
              "name": "out",
              "path": "/nix/store/kpr6dqdjixi0b1wh7phisqmzkxjw7ln7-go-1.26.0",
              "default": true
            }
          ],
          "store_path": "/nix/store/kpr6dqdjixi0b1wh7phisqmzkxjw7ln7-go-1.26.0"
        },
        "x86_64-linux": {
          "outputs": [
            {
              "name": "out",
              "path": "/nix/store/s9dwyyi8mk76wslsm6jl50ky9hd11pv3-go-1.26.0",
              "default": true
            }
          ],
          "store_path": "/nix/store/s9dwyyi8mk76wslsm6jl50ky9hd11pv3-go-1.26.0"
        }
      }
    },
    "golangci-lint@latest": {
      "last_modified": "2026-02-23T15:40:43Z",
      "resolved": "github:NixOS/nixpkgs/80d901ec0377e19ac3f7bb8c035201e2e098cc97#golangci-lint",
      "source": "devbox-search",
      "version": "2.10.1",
      "systems": {
        "aarch64-darwin": {
          "outputs": [
            {
              "name": "out",
              "path": "/nix/store/1rrjjclzxlr6f1ivb6l74vq1n1g1lki8-golangci-lint-2.10.1",
              "default": true
            }
          ],
          "store_path": "/nix/store/1rrjjclzxlr6f1ivb6l74vq1n1g1lki8-golangci-lint-2.10.1"
        },
        "aarch64-linux": {
          "outputs": [
            {
              "name": "out",
              "path": "/nix/store/ri4b9yqars42sc3hwwa5w81w91h13lm8-golangci-lint-2.10.1",
              "default": true
            }
          ],
          "store_path": "/nix/store/ri4b9yqars42sc3hwwa5w81w91h13lm8-golangci-lint-2.10.1"
        },
        "x86_64-darwin": {
          "outputs": [
            {
              "name": "out",
              "path": "/nix/store/qvvg1rv8b4m4qyvqh40zc4nfa72vyzlw-golangci-lint-2.10.1",
              "default": true
            }
          ],
          "store_path": "/nix/store/qvvg1rv8b4m4qyvqh40zc4nfa72vyzlw-golangci-lint-2.10.1"
        },
        "x86_64-linux": {
          "outputs": [
            {
              "name": "out",
              "path": "/nix/store/ziv6x93wkd587qji6z0648050g0r9qjn-golangci-lint-2.10.1",
              "default": true
            }
          ],
          "store_path": "/nix/store/ziv6x93wkd587qji6z0648050g0r9qjn-golangci-lint-2.10.1"
        }
      }
    },
    "jq@latest": {
      "last_modified": "2026-03-02T19:25:24Z",
      "resolved": "github:NixOS/nixpkgs/4215e62dc2cd3bc705b0a423b9719ff6be378a43#jq",
      "source": "devbox-search",
      "version": "1.8.1",
      "systems": {
        "aarch64-darwin": {
          "outputs": [
            {
              "name": "bin",
              "path": "/nix/store/qclllhrddhsqs87zrjhb0rikj9vh382g-jq-1.8.1-bin",
              "default": true
            },
            {
              "name": "man",
              "path": "/nix/store/fw0rb615pja12zpdqdn4w8bxvb310pf9-jq-1.8.1-man",
              "default": true
            },
            {
              "name": "dev",
              "path": "/nix/store/2hj3wiwnf5yjp0n176wgyd9f0ln11zhz-jq-1.8.1-dev"
            },
            {
              "name": "doc",
              "path": "/nix/store/im47zqjcdg2bhx97fkwvx7p1yzi098hz-jq-1.8.1-doc"
            },
            {
              "name": "out",
              "path": "/nix/store/w513pwkks3lw9ligjigpqniqj3dbipsl-jq-1.8.1"
            }
          ],
          "store_path": "/nix/store/qclllhrddhsqs87zrjhb0rikj9vh382g-jq-1.8.1-bin"
        },
        "aarch64-linux": {
          "outputs": [
            {
              "name": "bin",
              "path": "/nix/store/bnsyxn71xzc4nd86k6j25wmzncir628l-jq-1.8.1-bin",
              "default": true
            },
            {
              "name": "man",
              "path": "/nix/store/bl1f8rn2amdw86y6zyxybpz0g9bkd4yw-jq-1.8.1-man",
              "default": true
            },
            {
              "name": "doc",
              "path": "/nix/store/rdp9243l8x6pqmcrz99nwa4kf25km9w7-jq-1.8.1-doc"
            },
            {
              "name": "out",
              "path": "/nix/store/zglcyjcxpsnqq4ip8w2myqmlv08641b0-jq-1.8.1"
            },
            {
              "name": "dev",
              "path": "/nix/store/3iy3f3m2ikjsw8bmx7485flysxj1vgk7-jq-1.8.1-dev"
            }
          ],
          "store_path": "/nix/store/bnsyxn71xzc4nd86k6j25wmzncir628l-jq-1.8.1-bin"
        },
        "x86_64-darwin": {
          "outputs": [
            {
              "name": "bin",
              "path": "/nix/store/silqkfms6xjsaq0w3m0g6ygl4zj9992c-jq-1.8.1-bin",
              "default": true
            },
            {
              "name": "man",
              "path": "/nix/store/034cqaasry6lv5nc3nkngp2p1ww3rib6-jq-1.8.1-man",
              "default": true
            },
            {
              "name": "out",
              "path": "/nix/store/hjc1gxah0mlc523mr4h9mxwzk7nx96hq-jq-1.8.1"
            },
            {
              "name": "dev",
              "path": "/nix/store/504ml9mmnn1b1y50i6dd13kbadg4kwj9-jq-1.8.1-dev"
            },
            {
              "name": "doc",
              "path": "/nix/store/yqm1xgg9ivm1jlkn2x0bwyc3l499cw4i-jq-1.8.1-doc"
            }
          ],
          "store_path": "/nix/store/silqkfms6xjsaq0w3m0g6ygl4zj9992c-jq-1.8.1-bin"
        },
        "x86_64-linux": {
          "outputs": [
            {
              "name": "bin",
              "path": "/nix/store/jyi1vkcbaihqbfbra4qd0107sj1jhdk4-jq-1.8.1-bin",
              "default": true
            },
            {
              "name": "man",
              "path": "/nix/store/lqxm904bymdhvi8fc2l6gpj0n4wq33a8-jq-1.8.1-man",
              "default": true
            },
            {
              "name": "dev",
              "path": "/nix/store/1m6s8nd3x7s7jddjdgydq10c5wj4dj4h-jq-1.8.1-dev"
            },
            {
              "name": "doc",
              "path": "/nix/store/51isxd9mi828n238hj3572vmfx12msp1-jq-1.8.1-doc"
            },
            {
              "name": "out",
              "path": "/nix/store/70bwclvic12925zck7za5y9g761l9kkh-jq-1.8.1"
            }
          ],
          "store_path": "/nix/store/jyi1vkcbaihqbfbra4qd0107sj1jhdk4-jq-1.8.1-bin"
        }
      }
    },
    "lefthook@latest": {
      "last_modified": "2026-02-23T15:40:43Z",
      "resolved": "github:NixOS/nixpkgs/80d901ec0377e19ac3f7bb8c035201e2e098cc97#lefthook",
      "source": "devbox-search",
      "version": "2.1.1",
      "systems": {
        "aarch64-darwin": {
          "outputs": [
            {
              "name": "out",
              "path": "/nix/store/bjfib611qahaz1ar2jcpv5n1yhd32n6d-lefthook-2.1.1",
              "default": true
            }
          ],
          "store_path": "/nix/store/bjfib611qahaz1ar2jcpv5n1yhd32n6d-lefthook-2.1.1"
        },
        "aarch64-linux": {
          "outputs": [
            {
              "name": "out",
              "path": "/nix/store/27jsapibvv93db507v3d1c99ran0ygnf-lefthook-2.1.1",
              "default": true
            }
          ],
          "store_path": "/nix/store/27jsapibvv93db507v3d1c99ran0ygnf-lefthook-2.1.1"
        },
        "x86_64-darwin": {
          "outputs": [
            {
              "name": "out",
              "path": "/nix/store/may82n10vx15lpj72fhlcnvzchw7kkjm-lefthook-2.1.1",
              "default": true
            }
          ],
          "store_path": "/nix/store/may82n10vx15lpj72fhlcnvzchw7kkjm-lefthook-2.1.1"
        },
        "x86_64-linux": {
          "outputs": [
            {
              "name": "out",
              "path": "/nix/store/g3zyhsqvkfdhz0dfg1bfk5baf49rvdxi-lefthook-2.1.1",
              "default": true
            }
          ],
          "store_path": "/nix/store/g3zyhsqvkfdhz0dfg1bfk5baf49rvdxi-lefthook-2.1.1"
        }
      }
    },
    "lua@latest": {
      "last_modified": "2026-02-23T15:40:43Z",
      "resolved": "github:NixOS/nixpkgs/80d901ec0377e19ac3f7bb8c035201e2e098cc97#lua",
      "source": "devbox-search",
      "version": "5.2.4",
      "systems": {
        "aarch64-darwin": {
          "outputs": [
            {
              "name": "out",
              "path": "/nix/store/cngbxqb23gi89rbd0kfk4v7hc93qwl58-lua-5.2.4",
              "default": true
            },
            {
              "name": "doc",
              "path": "/nix/store/5s9ni5xpcl0vgan5k9d2mag11jz5ym4s-lua-5.2.4-doc"
            }
          ],
          "store_path": "/nix/store/cngbxqb23gi89rbd0kfk4v7hc93qwl58-lua-5.2.4"
        },
        "aarch64-linux": {
          "outputs": [
            {
              "name": "out",
              "path": "/nix/store/xcy7ip34vi4p07yhg3xndjsqdn7hri7n-lua-5.2.4",
              "default": true
            },
            {
              "name": "doc",
              "path": "/nix/store/c9h5i7qrcwhnw0qnpcyb0k3daz2kz3z4-lua-5.2.4-doc"
            }
          ],
          "store_path": "/nix/store/xcy7ip34vi4p07yhg3xndjsqdn7hri7n-lua-5.2.4"
        },
        "x86_64-darwin": {
          "outputs": [
            {
              "name": "out",
              "path": "/nix/store/xmzszrmgng8zxf0f24xh5c44ak6sva3h-lua-5.2.4",
              "default": true
            },
            {
              "name": "doc",
              "path": "/nix/store/cd5rk99690rq0z4s3i9ca70y9yn9q59b-lua-5.2.4-doc"
            }
          ],
          "store_path": "/nix/store/xmzszrmgng8zxf0f24xh5c44ak6sva3h-lua-5.2.4"
        },
        "x86_64-linux": {
          "outputs": [
            {
              "name": "out",
              "path": "/nix/store/xm6xghhg6254dlmwqhl7qs22b8ygb3kc-lua-5.2.4",
              "default": true
            },
            {
              "name": "doc",
              "path": "/nix/store/r1s3dlghzvwxv7sngrzajn4bk76cs5gx-lua-5.2.4-doc"
            }
          ],
          "store_path": "/nix/store/xm6xghhg6254dlmwqhl7qs22b8ygb3kc-lua-5.2.4"
        }
      }
    },
    "luarocks@latest": {
      "last_modified": "2023-02-24T09:01:09Z",
      "resolved": "github:NixOS/nixpkgs/7d0ed7f2e5aea07ab22ccb338d27fbe347ed2f11#luarocks",
      "source": "devbox-search",
      "version": "3.9.1"
    }
  }
}
